// !$*UTF8*$!
{
	archiveVersion = 1;
	classes = {
	};
	objectVersion = 50;
	objects = {

/* Begin PBXBuildFile section */
		C31013C422580E39009BDB95 /* Network.swift in Sources */ = {isa = PBXBuildFile; fileRef = C31013C322580E39009BDB95 /* Network.swift */; };
		C31013C722581031009BDB95 /* Storage.swift in Sources */ = {isa = PBXBuildFile; fileRef = C31013C622581031009BDB95 /* Storage.swift */; };
		C313AA5122622ACF003E2895 /* PlaylistHeaderView.swift in Sources */ = {isa = PBXBuildFile; fileRef = C313AA5022622ACF003E2895 /* PlaylistHeaderView.swift */; };
		C313AA5422624661003E2895 /* UIColor+Spochify.swift in Sources */ = {isa = PBXBuildFile; fileRef = C313AA5322624661003E2895 /* UIColor+Spochify.swift */; };
		C3182E9A2257D7B400180BD5 /* AppDelegate.swift in Sources */ = {isa = PBXBuildFile; fileRef = C3182E992257D7B400180BD5 /* AppDelegate.swift */; };
		C3182E9C2257D7B400180BD5 /* LoginViewController.swift in Sources */ = {isa = PBXBuildFile; fileRef = C3182E9B2257D7B400180BD5 /* LoginViewController.swift */; };
		C3182EA12257D7B600180BD5 /* Assets.xcassets in Resources */ = {isa = PBXBuildFile; fileRef = C3182EA02257D7B600180BD5 /* Assets.xcassets */; };
		C3182EA42257D7B600180BD5 /* LaunchScreen.storyboard in Resources */ = {isa = PBXBuildFile; fileRef = C3182EA22257D7B600180BD5 /* LaunchScreen.storyboard */; };
		C3182EAF2257D7B600180BD5 /* SpochifyTests.swift in Sources */ = {isa = PBXBuildFile; fileRef = C3182EAE2257D7B600180BD5 /* SpochifyTests.swift */; };
		C3182EBA2257D7B600180BD5 /* SpochifyUITests.swift in Sources */ = {isa = PBXBuildFile; fileRef = C3182EB92257D7B600180BD5 /* SpochifyUITests.swift */; };
		C35995B1225B560300F3FAD2 /* String+Localizable.swift in Sources */ = {isa = PBXBuildFile; fileRef = C35995B0225B560300F3FAD2 /* String+Localizable.swift */; };
		C35995BA225BACCF00F3FAD2 /* Scene.swift in Sources */ = {isa = PBXBuildFile; fileRef = C35995B5225BACCE00F3FAD2 /* Scene.swift */; };
		C35995BB225BACCF00F3FAD2 /* Scene+ViewController.swift in Sources */ = {isa = PBXBuildFile; fileRef = C35995B6225BACCE00F3FAD2 /* Scene+ViewController.swift */; };
		C35995BC225BACCF00F3FAD2 /* SceneCoordinatorType.swift in Sources */ = {isa = PBXBuildFile; fileRef = C35995B7225BACCE00F3FAD2 /* SceneCoordinatorType.swift */; };
		C35995BD225BACCF00F3FAD2 /* SceneTransitionType.swift in Sources */ = {isa = PBXBuildFile; fileRef = C35995B8225BACCE00F3FAD2 /* SceneTransitionType.swift */; };
		C35995BE225BACCF00F3FAD2 /* SceneCoordinator.swift in Sources */ = {isa = PBXBuildFile; fileRef = C35995B9225BACCE00F3FAD2 /* SceneCoordinator.swift */; };
		C36C86F5225CEE970035DCF8 /* BindableType.swift in Sources */ = {isa = PBXBuildFile; fileRef = C36C86F4225CEE970035DCF8 /* BindableType.swift */; };
		C36C86F7225CF7FF0035DCF8 /* UIApplication+Shared.swift in Sources */ = {isa = PBXBuildFile; fileRef = C36C86F6225CF7FF0035DCF8 /* UIApplication+Shared.swift */; };
		C36C86F9225D417F0035DCF8 /* RxDataSources.framework in Frameworks */ = {isa = PBXBuildFile; fileRef = C36C86F8225D417F0035DCF8 /* RxDataSources.framework */; };
		C3AAD3252264C8940026254A /* Category.swift in Sources */ = {isa = PBXBuildFile; fileRef = C3AAD3242264C8940026254A /* Category.swift */; };
		C3AAD3292264D69D0026254A /* CategoryCollectionViewCell.swift in Sources */ = {isa = PBXBuildFile; fileRef = C3AAD3272264D69D0026254A /* CategoryCollectionViewCell.swift */; };
		C3AAD32A2264D69D0026254A /* CategoryCollectionViewCell.xib in Resources */ = {isa = PBXBuildFile; fileRef = C3AAD3282264D69D0026254A /* CategoryCollectionViewCell.xib */; };
		C3AC5432225F79270007090C /* Album.swift in Sources */ = {isa = PBXBuildFile; fileRef = C3AC5431225F79270007090C /* Album.swift */; };
		C3AC5434225F802E0007090C /* UICollectionViewFlowLayout+Columns.swift in Sources */ = {isa = PBXBuildFile; fileRef = C3AC5433225F802E0007090C /* UICollectionViewFlowLayout+Columns.swift */; };
		C3AC5440225FE3470007090C /* PlaylistViewController.swift in Sources */ = {isa = PBXBuildFile; fileRef = C3AC543E225FE3470007090C /* PlaylistViewController.swift */; };
		C3AC5443225FE36C0007090C /* PlaylistViewModel.swift in Sources */ = {isa = PBXBuildFile; fileRef = C3AC5442225FE36C0007090C /* PlaylistViewModel.swift */; };
		C3AC5447225FE3A00007090C /* TrackTableViewCell.swift in Sources */ = {isa = PBXBuildFile; fileRef = C3AC5445225FE3A00007090C /* TrackTableViewCell.swift */; };
		C3AC5448225FE3A00007090C /* TrackTableViewCell.xib in Resources */ = {isa = PBXBuildFile; fileRef = C3AC5446225FE3A00007090C /* TrackTableViewCell.xib */; };
		C3C8C28F225C810900EFBED0 /* FeaturedViewModel.swift in Sources */ = {isa = PBXBuildFile; fileRef = C3C8C28E225C810900EFBED0 /* FeaturedViewModel.swift */; };
		C3C8C291225C811500EFBED0 /* CategoriesViewModel.swift in Sources */ = {isa = PBXBuildFile; fileRef = C3C8C290225C811500EFBED0 /* CategoriesViewModel.swift */; };
		C3C8C293225C96F700EFBED0 /* UserRepository.swift in Sources */ = {isa = PBXBuildFile; fileRef = C3C8C292225C96F700EFBED0 /* UserRepository.swift */; };
		C3C8C297225CA3A700EFBED0 /* User.swift in Sources */ = {isa = PBXBuildFile; fileRef = C3C8C296225CA3A700EFBED0 /* User.swift */; };
		C3C8C299225CB65800EFBED0 /* URL+Init.swift in Sources */ = {isa = PBXBuildFile; fileRef = C3C8C298225CB65800EFBED0 /* URL+Init.swift */; };
		C3D810BF2263264F00153C56 /* HomeViewController.swift in Sources */ = {isa = PBXBuildFile; fileRef = C3D810BE2263264F00153C56 /* HomeViewController.swift */; };
		C3D810C12263267100153C56 /* HomeViewModel.swift in Sources */ = {isa = PBXBuildFile; fileRef = C3D810C02263267100153C56 /* HomeViewModel.swift */; };
		C3D810C322632BB800153C56 /* Action.framework in Frameworks */ = {isa = PBXBuildFile; fileRef = C3D810C222632BB800153C56 /* Action.framework */; };
		C3D810C422632DD500153C56 /* RxAtomic.framework in Frameworks */ = {isa = PBXBuildFile; fileRef = C3DEBB8222594B2D00B6F9E7 /* RxAtomic.framework */; };
		C3D810C62263322300153C56 /* LoginViewModel.swift in Sources */ = {isa = PBXBuildFile; fileRef = C3D810C52263322300153C56 /* LoginViewModel.swift */; };
		C3DC4FA02265C8720069733D /* CategoryPlaylistsViewController.swift in Sources */ = {isa = PBXBuildFile; fileRef = C3DC4F9F2265C8720069733D /* CategoryPlaylistsViewController.swift */; };
		C3DC4FA62265C9570069733D /* CategoryPlaylistsViewModel.swift in Sources */ = {isa = PBXBuildFile; fileRef = C3DC4FA52265C9570069733D /* CategoryPlaylistsViewModel.swift */; };
		C3DC4FAE2265D7240069733D /* Provider.swift in Sources */ = {isa = PBXBuildFile; fileRef = C3DC4FAD2265D7240069733D /* Provider.swift */; };
		C3DC4FB1226611F70069733D /* SmallPlayerView.swift in Sources */ = {isa = PBXBuildFile; fileRef = C3DC4FB0226611F70069733D /* SmallPlayerView.swift */; };
		C3DC4FB4226612AC0069733D /* PlayerViewController.swift in Sources */ = {isa = PBXBuildFile; fileRef = C3DC4FB2226612AC0069733D /* PlayerViewController.swift */; };
		C3DC4FB5226612AC0069733D /* PlayerViewController.xib in Resources */ = {isa = PBXBuildFile; fileRef = C3DC4FB3226612AC0069733D /* PlayerViewController.xib */; };
		C3DC4FB8226618690069733D /* PlayerViewModel.swift in Sources */ = {isa = PBXBuildFile; fileRef = C3DC4FB7226618690069733D /* PlayerViewModel.swift */; };
		C3DEBB8722594B2D00B6F9E7 /* RxSwift.framework in Frameworks */ = {isa = PBXBuildFile; fileRef = C3DEBB8322594B2D00B6F9E7 /* RxSwift.framework */; };
		C3DEBB8822594B2D00B6F9E7 /* RxCocoa.framework in Frameworks */ = {isa = PBXBuildFile; fileRef = C3DEBB8422594B2D00B6F9E7 /* RxCocoa.framework */; };
		C3DFE95E225F23A0002D2AF4 /* PlaylistRepository.swift in Sources */ = {isa = PBXBuildFile; fileRef = C3DFE95D225F23A0002D2AF4 /* PlaylistRepository.swift */; };
		C3DFE961225F27FC002D2AF4 /* Track.swift in Sources */ = {isa = PBXBuildFile; fileRef = C3DFE960225F27FC002D2AF4 /* Track.swift */; };
		C3DFF174225E32690041B7C8 /* PlaylistCollectionViewCell.swift in Sources */ = {isa = PBXBuildFile; fileRef = C3DFF172225E32690041B7C8 /* PlaylistCollectionViewCell.swift */; };
		C3DFF175225E32690041B7C8 /* PlaylistCollectionViewCell.xib in Resources */ = {isa = PBXBuildFile; fileRef = C3DFF173225E32690041B7C8 /* PlaylistCollectionViewCell.xib */; };
		C3E55AFC225B25E100DD3D9A /* Playlist.swift in Sources */ = {isa = PBXBuildFile; fileRef = C3E55AFB225B25E100DD3D9A /* Playlist.swift */; };
		C3E55AFE225B283E00DD3D9A /* LoginViewController.xib in Resources */ = {isa = PBXBuildFile; fileRef = C3E55AFD225B283E00DD3D9A /* LoginViewController.xib */; };
		C3E55B06225B289B00DD3D9A /* FeaturedViewController.swift in Sources */ = {isa = PBXBuildFile; fileRef = C3E55B05225B289B00DD3D9A /* FeaturedViewController.swift */; };
		C3E55B0C225B2A4B00DD3D9A /* CategoriesViewController.swift in Sources */ = {isa = PBXBuildFile; fileRef = C3E55B0B225B2A4B00DD3D9A /* CategoriesViewController.swift */; };
		C3E55B14225B2F0000DD3D9A /* Localizable.strings in Resources */ = {isa = PBXBuildFile; fileRef = C3E55B13225B2F0000DD3D9A /* Localizable.strings */; };
		C3E655F222636DB000649F2A /* HomeBuilder.swift in Sources */ = {isa = PBXBuildFile; fileRef = C3E655F122636DB000649F2A /* HomeBuilder.swift */; };
		C3EA0E97225E9188004C74CB /* Kingfisher.framework in Frameworks */ = {isa = PBXBuildFile; fileRef = C3EA0E96225E9188004C74CB /* Kingfisher.framework */; };
		C3EC9DFC225A55E100FD0376 /* BrowseRepository.swift in Sources */ = {isa = PBXBuildFile; fileRef = C3EC9DFB225A55E100FD0376 /* BrowseRepository.swift */; };
		C3FB16292269B9050014FA01 /* Player.swift in Sources */ = {isa = PBXBuildFile; fileRef = C3FB16282269B9050014FA01 /* Player.swift */; };
/* End PBXBuildFile section */

/* Begin PBXContainerItemProxy section */
		C3182EAB2257D7B600180BD5 /* PBXContainerItemProxy */ = {
			isa = PBXContainerItemProxy;
			containerPortal = C3182E8E2257D7B400180BD5 /* Project object */;
			proxyType = 1;
			remoteGlobalIDString = C3182E952257D7B400180BD5;
			remoteInfo = Spochify;
		};
		C3182EB62257D7B600180BD5 /* PBXContainerItemProxy */ = {
			isa = PBXContainerItemProxy;
			containerPortal = C3182E8E2257D7B400180BD5 /* Project object */;
			proxyType = 1;
			remoteGlobalIDString = C3182E952257D7B400180BD5;
			remoteInfo = Spochify;
		};
/* End PBXContainerItemProxy section */

/* Begin PBXFileReference section */
		C31013C322580E39009BDB95 /* Network.swift */ = {isa = PBXFileReference; lastKnownFileType = sourcecode.swift; path = Network.swift; sourceTree = "<group>"; };
		C31013C622581031009BDB95 /* Storage.swift */ = {isa = PBXFileReference; lastKnownFileType = sourcecode.swift; path = Storage.swift; sourceTree = "<group>"; };
		C313AA5022622ACF003E2895 /* PlaylistHeaderView.swift */ = {isa = PBXFileReference; lastKnownFileType = sourcecode.swift; path = PlaylistHeaderView.swift; sourceTree = "<group>"; };
		C313AA5322624661003E2895 /* UIColor+Spochify.swift */ = {isa = PBXFileReference; lastKnownFileType = sourcecode.swift; path = "UIColor+Spochify.swift"; sourceTree = "<group>"; };
		C3182E962257D7B400180BD5 /* Spochify.app */ = {isa = PBXFileReference; explicitFileType = wrapper.application; includeInIndex = 0; path = Spochify.app; sourceTree = BUILT_PRODUCTS_DIR; };
		C3182E992257D7B400180BD5 /* AppDelegate.swift */ = {isa = PBXFileReference; lastKnownFileType = sourcecode.swift; path = AppDelegate.swift; sourceTree = "<group>"; };
		C3182E9B2257D7B400180BD5 /* LoginViewController.swift */ = {isa = PBXFileReference; lastKnownFileType = sourcecode.swift; path = LoginViewController.swift; sourceTree = "<group>"; };
		C3182EA02257D7B600180BD5 /* Assets.xcassets */ = {isa = PBXFileReference; lastKnownFileType = folder.assetcatalog; path = Assets.xcassets; sourceTree = "<group>"; };
		C3182EA32257D7B600180BD5 /* Base */ = {isa = PBXFileReference; lastKnownFileType = file.storyboard; name = Base; path = Base.lproj/LaunchScreen.storyboard; sourceTree = "<group>"; };
		C3182EA52257D7B600180BD5 /* Info.plist */ = {isa = PBXFileReference; lastKnownFileType = text.plist.xml; path = Info.plist; sourceTree = "<group>"; };
		C3182EAA2257D7B600180BD5 /* SpochifyTests.xctest */ = {isa = PBXFileReference; explicitFileType = wrapper.cfbundle; includeInIndex = 0; path = SpochifyTests.xctest; sourceTree = BUILT_PRODUCTS_DIR; };
		C3182EAE2257D7B600180BD5 /* SpochifyTests.swift */ = {isa = PBXFileReference; lastKnownFileType = sourcecode.swift; path = SpochifyTests.swift; sourceTree = "<group>"; };
		C3182EB02257D7B600180BD5 /* Info.plist */ = {isa = PBXFileReference; lastKnownFileType = text.plist.xml; path = Info.plist; sourceTree = "<group>"; };
		C3182EB52257D7B600180BD5 /* SpochifyUITests.xctest */ = {isa = PBXFileReference; explicitFileType = wrapper.cfbundle; includeInIndex = 0; path = SpochifyUITests.xctest; sourceTree = BUILT_PRODUCTS_DIR; };
		C3182EB92257D7B600180BD5 /* SpochifyUITests.swift */ = {isa = PBXFileReference; lastKnownFileType = sourcecode.swift; path = SpochifyUITests.swift; sourceTree = "<group>"; };
		C3182EBB2257D7B600180BD5 /* Info.plist */ = {isa = PBXFileReference; lastKnownFileType = text.plist.xml; path = Info.plist; sourceTree = "<group>"; };
		C35995B0225B560300F3FAD2 /* String+Localizable.swift */ = {isa = PBXFileReference; lastKnownFileType = sourcecode.swift; path = "String+Localizable.swift"; sourceTree = "<group>"; };
		C35995B5225BACCE00F3FAD2 /* Scene.swift */ = {isa = PBXFileReference; fileEncoding = 4; lastKnownFileType = sourcecode.swift; path = Scene.swift; sourceTree = "<group>"; };
		C35995B6225BACCE00F3FAD2 /* Scene+ViewController.swift */ = {isa = PBXFileReference; fileEncoding = 4; lastKnownFileType = sourcecode.swift; path = "Scene+ViewController.swift"; sourceTree = "<group>"; };
		C35995B7225BACCE00F3FAD2 /* SceneCoordinatorType.swift */ = {isa = PBXFileReference; fileEncoding = 4; lastKnownFileType = sourcecode.swift; path = SceneCoordinatorType.swift; sourceTree = "<group>"; };
		C35995B8225BACCE00F3FAD2 /* SceneTransitionType.swift */ = {isa = PBXFileReference; fileEncoding = 4; lastKnownFileType = sourcecode.swift; path = SceneTransitionType.swift; sourceTree = "<group>"; };
		C35995B9225BACCE00F3FAD2 /* SceneCoordinator.swift */ = {isa = PBXFileReference; fileEncoding = 4; lastKnownFileType = sourcecode.swift; path = SceneCoordinator.swift; sourceTree = "<group>"; };
		C36C86F4225CEE970035DCF8 /* BindableType.swift */ = {isa = PBXFileReference; lastKnownFileType = sourcecode.swift; path = BindableType.swift; sourceTree = "<group>"; };
		C36C86F6225CF7FF0035DCF8 /* UIApplication+Shared.swift */ = {isa = PBXFileReference; lastKnownFileType = sourcecode.swift; path = "UIApplication+Shared.swift"; sourceTree = "<group>"; };
		C36C86F8225D417F0035DCF8 /* RxDataSources.framework */ = {isa = PBXFileReference; lastKnownFileType = wrapper.framework; name = RxDataSources.framework; path = Carthage/Build/iOS/RxDataSources.framework; sourceTree = "<group>"; };
		C3AAD3242264C8940026254A /* Category.swift */ = {isa = PBXFileReference; lastKnownFileType = sourcecode.swift; path = Category.swift; sourceTree = "<group>"; };
		C3AAD3272264D69D0026254A /* CategoryCollectionViewCell.swift */ = {isa = PBXFileReference; lastKnownFileType = sourcecode.swift; path = CategoryCollectionViewCell.swift; sourceTree = "<group>"; };
		C3AAD3282264D69D0026254A /* CategoryCollectionViewCell.xib */ = {isa = PBXFileReference; lastKnownFileType = file.xib; path = CategoryCollectionViewCell.xib; sourceTree = "<group>"; };
		C3AC5431225F79270007090C /* Album.swift */ = {isa = PBXFileReference; lastKnownFileType = sourcecode.swift; path = Album.swift; sourceTree = "<group>"; };
		C3AC5433225F802E0007090C /* UICollectionViewFlowLayout+Columns.swift */ = {isa = PBXFileReference; lastKnownFileType = sourcecode.swift; path = "UICollectionViewFlowLayout+Columns.swift"; sourceTree = "<group>"; };
		C3AC543E225FE3470007090C /* PlaylistViewController.swift */ = {isa = PBXFileReference; lastKnownFileType = sourcecode.swift; path = PlaylistViewController.swift; sourceTree = "<group>"; };
		C3AC5442225FE36C0007090C /* PlaylistViewModel.swift */ = {isa = PBXFileReference; lastKnownFileType = sourcecode.swift; path = PlaylistViewModel.swift; sourceTree = "<group>"; };
		C3AC5445225FE3A00007090C /* TrackTableViewCell.swift */ = {isa = PBXFileReference; lastKnownFileType = sourcecode.swift; path = TrackTableViewCell.swift; sourceTree = "<group>"; };
		C3AC5446225FE3A00007090C /* TrackTableViewCell.xib */ = {isa = PBXFileReference; lastKnownFileType = file.xib; path = TrackTableViewCell.xib; sourceTree = "<group>"; };
		C3C8C28E225C810900EFBED0 /* FeaturedViewModel.swift */ = {isa = PBXFileReference; lastKnownFileType = sourcecode.swift; path = FeaturedViewModel.swift; sourceTree = "<group>"; };
		C3C8C290225C811500EFBED0 /* CategoriesViewModel.swift */ = {isa = PBXFileReference; lastKnownFileType = sourcecode.swift; path = CategoriesViewModel.swift; sourceTree = "<group>"; };
		C3C8C292225C96F700EFBED0 /* UserRepository.swift */ = {isa = PBXFileReference; lastKnownFileType = sourcecode.swift; path = UserRepository.swift; sourceTree = "<group>"; };
		C3C8C296225CA3A700EFBED0 /* User.swift */ = {isa = PBXFileReference; lastKnownFileType = sourcecode.swift; path = User.swift; sourceTree = "<group>"; };
		C3C8C298225CB65800EFBED0 /* URL+Init.swift */ = {isa = PBXFileReference; lastKnownFileType = sourcecode.swift; path = "URL+Init.swift"; sourceTree = "<group>"; };
		C3D810BE2263264F00153C56 /* HomeViewController.swift */ = {isa = PBXFileReference; lastKnownFileType = sourcecode.swift; path = HomeViewController.swift; sourceTree = "<group>"; };
		C3D810C02263267100153C56 /* HomeViewModel.swift */ = {isa = PBXFileReference; lastKnownFileType = sourcecode.swift; path = HomeViewModel.swift; sourceTree = "<group>"; };
		C3D810C222632BB800153C56 /* Action.framework */ = {isa = PBXFileReference; lastKnownFileType = wrapper.framework; name = Action.framework; path = Carthage/Build/iOS/Action.framework; sourceTree = "<group>"; };
		C3D810C52263322300153C56 /* LoginViewModel.swift */ = {isa = PBXFileReference; lastKnownFileType = sourcecode.swift; path = LoginViewModel.swift; sourceTree = "<group>"; };
		C3DC4F9F2265C8720069733D /* CategoryPlaylistsViewController.swift */ = {isa = PBXFileReference; lastKnownFileType = sourcecode.swift; path = CategoryPlaylistsViewController.swift; sourceTree = "<group>"; };
		C3DC4FA52265C9570069733D /* CategoryPlaylistsViewModel.swift */ = {isa = PBXFileReference; lastKnownFileType = sourcecode.swift; path = CategoryPlaylistsViewModel.swift; sourceTree = "<group>"; };
		C3DC4FAD2265D7240069733D /* Provider.swift */ = {isa = PBXFileReference; lastKnownFileType = sourcecode.swift; path = Provider.swift; sourceTree = "<group>"; };
		C3DC4FB0226611F70069733D /* SmallPlayerView.swift */ = {isa = PBXFileReference; lastKnownFileType = sourcecode.swift; path = SmallPlayerView.swift; sourceTree = "<group>"; };
		C3DC4FB2226612AC0069733D /* PlayerViewController.swift */ = {isa = PBXFileReference; lastKnownFileType = sourcecode.swift; path = PlayerViewController.swift; sourceTree = "<group>"; };
		C3DC4FB3226612AC0069733D /* PlayerViewController.xib */ = {isa = PBXFileReference; lastKnownFileType = file.xib; path = PlayerViewController.xib; sourceTree = "<group>"; };
		C3DC4FB7226618690069733D /* PlayerViewModel.swift */ = {isa = PBXFileReference; lastKnownFileType = sourcecode.swift; path = PlayerViewModel.swift; sourceTree = "<group>"; };
		C3DEBB8222594B2D00B6F9E7 /* RxAtomic.framework */ = {isa = PBXFileReference; lastKnownFileType = wrapper.framework; name = RxAtomic.framework; path = Carthage/Build/iOS/RxAtomic.framework; sourceTree = "<group>"; };
		C3DEBB8322594B2D00B6F9E7 /* RxSwift.framework */ = {isa = PBXFileReference; lastKnownFileType = wrapper.framework; name = RxSwift.framework; path = Carthage/Build/iOS/RxSwift.framework; sourceTree = "<group>"; };
		C3DEBB8422594B2D00B6F9E7 /* RxCocoa.framework */ = {isa = PBXFileReference; lastKnownFileType = wrapper.framework; name = RxCocoa.framework; path = Carthage/Build/iOS/RxCocoa.framework; sourceTree = "<group>"; };
		C3DFE95D225F23A0002D2AF4 /* PlaylistRepository.swift */ = {isa = PBXFileReference; lastKnownFileType = sourcecode.swift; path = PlaylistRepository.swift; sourceTree = "<group>"; };
		C3DFE960225F27FC002D2AF4 /* Track.swift */ = {isa = PBXFileReference; lastKnownFileType = sourcecode.swift; path = Track.swift; sourceTree = "<group>"; };
		C3DFF172225E32690041B7C8 /* PlaylistCollectionViewCell.swift */ = {isa = PBXFileReference; lastKnownFileType = sourcecode.swift; path = PlaylistCollectionViewCell.swift; sourceTree = "<group>"; };
		C3DFF173225E32690041B7C8 /* PlaylistCollectionViewCell.xib */ = {isa = PBXFileReference; lastKnownFileType = file.xib; path = PlaylistCollectionViewCell.xib; sourceTree = "<group>"; };
		C3E55AFB225B25E100DD3D9A /* Playlist.swift */ = {isa = PBXFileReference; lastKnownFileType = sourcecode.swift; path = Playlist.swift; sourceTree = "<group>"; };
		C3E55AFD225B283E00DD3D9A /* LoginViewController.xib */ = {isa = PBXFileReference; lastKnownFileType = file.xib; path = LoginViewController.xib; sourceTree = "<group>"; };
		C3E55B05225B289B00DD3D9A /* FeaturedViewController.swift */ = {isa = PBXFileReference; lastKnownFileType = sourcecode.swift; path = FeaturedViewController.swift; sourceTree = "<group>"; };
		C3E55B0B225B2A4B00DD3D9A /* CategoriesViewController.swift */ = {isa = PBXFileReference; lastKnownFileType = sourcecode.swift; path = CategoriesViewController.swift; sourceTree = "<group>"; };
		C3E55B13225B2F0000DD3D9A /* Localizable.strings */ = {isa = PBXFileReference; lastKnownFileType = text.plist.strings; path = Localizable.strings; sourceTree = "<group>"; };
		C3E655F122636DB000649F2A /* HomeBuilder.swift */ = {isa = PBXFileReference; fileEncoding = 4; lastKnownFileType = sourcecode.swift; path = HomeBuilder.swift; sourceTree = "<group>"; };
		C3EA0E96225E9188004C74CB /* Kingfisher.framework */ = {isa = PBXFileReference; lastKnownFileType = wrapper.framework; name = Kingfisher.framework; path = Carthage/Build/iOS/Kingfisher.framework; sourceTree = "<group>"; };
		C3EC9DFB225A55E100FD0376 /* BrowseRepository.swift */ = {isa = PBXFileReference; lastKnownFileType = sourcecode.swift; path = BrowseRepository.swift; sourceTree = "<group>"; };
		C3FB16282269B9050014FA01 /* Player.swift */ = {isa = PBXFileReference; lastKnownFileType = sourcecode.swift; path = Player.swift; sourceTree = "<group>"; };
/* End PBXFileReference section */

/* Begin PBXFrameworksBuildPhase section */
		C3182E932257D7B400180BD5 /* Frameworks */ = {
			isa = PBXFrameworksBuildPhase;
			buildActionMask = 2147483647;
			files = (
				C3DEBB8722594B2D00B6F9E7 /* RxSwift.framework in Frameworks */,
				C3DEBB8822594B2D00B6F9E7 /* RxCocoa.framework in Frameworks */,
				C36C86F9225D417F0035DCF8 /* RxDataSources.framework in Frameworks */,
				C3EA0E97225E9188004C74CB /* Kingfisher.framework in Frameworks */,
				C3D810C322632BB800153C56 /* Action.framework in Frameworks */,
				C3D810C422632DD500153C56 /* RxAtomic.framework in Frameworks */,
			);
			runOnlyForDeploymentPostprocessing = 0;
		};
		C3182EA72257D7B600180BD5 /* Frameworks */ = {
			isa = PBXFrameworksBuildPhase;
			buildActionMask = 2147483647;
			files = (
			);
			runOnlyForDeploymentPostprocessing = 0;
		};
		C3182EB22257D7B600180BD5 /* Frameworks */ = {
			isa = PBXFrameworksBuildPhase;
			buildActionMask = 2147483647;
			files = (
			);
			runOnlyForDeploymentPostprocessing = 0;
		};
/* End PBXFrameworksBuildPhase section */

/* Begin PBXGroup section */
		C31013C222580E27009BDB95 /* Network */ = {
			isa = PBXGroup;
			children = (
				C31013C322580E39009BDB95 /* Network.swift */,
			);
			path = Network;
			sourceTree = "<group>";
		};
		C31013C52258101D009BDB95 /* Storage */ = {
			isa = PBXGroup;
			children = (
				C31013C622581031009BDB95 /* Storage.swift */,
			);
			path = Storage;
			sourceTree = "<group>";
		};
		C31013C8225811B8009BDB95 /* Spotify */ = {
			isa = PBXGroup;
			children = (
				C3DFE95F225F27E8002D2AF4 /* model */,
				C3DFE95C225F227C002D2AF4 /* Playlist */,
				C3C8C295225CA39800EFBED0 /* Browse */,
				C3C8C294225CA38E00EFBED0 /* User */,
			);
			path = Spotify;
			sourceTree = "<group>";
		};
		C31013C922581209009BDB95 /* Modules */ = {
			isa = PBXGroup;
			children = (
				C3DC4FAF2265F1250069733D /* Player */,
				C3EC9DFA225A553E00FD0376 /* Home */,
				C31013CB22581299009BDB95 /* Login */,
			);
			path = Modules;
			sourceTree = "<group>";
		};
		C31013CA22581229009BDB95 /* Core */ = {
			isa = PBXGroup;
			children = (
				C31013C8225811B8009BDB95 /* Spotify */,
				C31013C52258101D009BDB95 /* Storage */,
				C31013C222580E27009BDB95 /* Network */,
			);
			path = Core;
			sourceTree = "<group>";
		};
		C31013CB22581299009BDB95 /* Login */ = {
			isa = PBXGroup;
			children = (
				C3182E9B2257D7B400180BD5 /* LoginViewController.swift */,
				C3E55AFD225B283E00DD3D9A /* LoginViewController.xib */,
				C3D810C52263322300153C56 /* LoginViewModel.swift */,
			);
			path = Login;
			sourceTree = "<group>";
		};
		C31013CC225814B8009BDB95 /* Resources */ = {
			isa = PBXGroup;
			children = (
				C3E55B13225B2F0000DD3D9A /* Localizable.strings */,
			);
			path = Resources;
			sourceTree = "<group>";
		};
		C313AA5222624644003E2895 /* UI */ = {
			isa = PBXGroup;
			children = (
				C36C86F4225CEE970035DCF8 /* BindableType.swift */,
				C313AA5322624661003E2895 /* UIColor+Spochify.swift */,
			);
			path = UI;
			sourceTree = "<group>";
		};
		C3182E8D2257D7B400180BD5 = {
			isa = PBXGroup;
			children = (
				C3182E982257D7B400180BD5 /* Spochify */,
				C3182EAD2257D7B600180BD5 /* SpochifyTests */,
				C3182EB82257D7B600180BD5 /* SpochifyUITests */,
				C3182E972257D7B400180BD5 /* Products */,
				C3DEBB8122594B2D00B6F9E7 /* Frameworks */,
			);
			sourceTree = "<group>";
		};
		C3182E972257D7B400180BD5 /* Products */ = {
			isa = PBXGroup;
			children = (
				C3182E962257D7B400180BD5 /* Spochify.app */,
				C3182EAA2257D7B600180BD5 /* SpochifyTests.xctest */,
				C3182EB52257D7B600180BD5 /* SpochifyUITests.xctest */,
			);
			name = Products;
			sourceTree = "<group>";
		};
		C3182E982257D7B400180BD5 /* Spochify */ = {
			isa = PBXGroup;
			children = (
				C3182EA52257D7B600180BD5 /* Info.plist */,
				C3182EA22257D7B600180BD5 /* LaunchScreen.storyboard */,
				C3182E992257D7B400180BD5 /* AppDelegate.swift */,
				C3DC4FAD2265D7240069733D /* Provider.swift */,
				C3182EA02257D7B600180BD5 /* Assets.xcassets */,
				C35995AE225B55E600F3FAD2 /* Common */,
				C31013CA22581229009BDB95 /* Core */,
				C31013C922581209009BDB95 /* Modules */,
				C31013CC225814B8009BDB95 /* Resources */,
				C35995B4225BACCE00F3FAD2 /* Scenes */,
			);
			path = Spochify;
			sourceTree = "<group>";
		};
		C3182EAD2257D7B600180BD5 /* SpochifyTests */ = {
			isa = PBXGroup;
			children = (
				C3182EAE2257D7B600180BD5 /* SpochifyTests.swift */,
				C3182EB02257D7B600180BD5 /* Info.plist */,
			);
			path = SpochifyTests;
			sourceTree = "<group>";
		};
		C3182EB82257D7B600180BD5 /* SpochifyUITests */ = {
			isa = PBXGroup;
			children = (
				C3182EB92257D7B600180BD5 /* SpochifyUITests.swift */,
				C3182EBB2257D7B600180BD5 /* Info.plist */,
			);
			path = SpochifyUITests;
			sourceTree = "<group>";
		};
		C35995AE225B55E600F3FAD2 /* Common */ = {
			isa = PBXGroup;
			children = (
				C35995AF225B55F100F3FAD2 /* Extensions */,
				C313AA5222624644003E2895 /* UI */,
			);
			path = Common;
			sourceTree = "<group>";
		};
		C35995AF225B55F100F3FAD2 /* Extensions */ = {
			isa = PBXGroup;
			children = (
				C35995B0225B560300F3FAD2 /* String+Localizable.swift */,
				C3C8C298225CB65800EFBED0 /* URL+Init.swift */,
				C36C86F6225CF7FF0035DCF8 /* UIApplication+Shared.swift */,
				C3AC5433225F802E0007090C /* UICollectionViewFlowLayout+Columns.swift */,
			);
			path = Extensions;
			sourceTree = "<group>";
		};
		C35995B4225BACCE00F3FAD2 /* Scenes */ = {
			isa = PBXGroup;
			children = (
				C35995B5225BACCE00F3FAD2 /* Scene.swift */,
				C35995B6225BACCE00F3FAD2 /* Scene+ViewController.swift */,
				C35995B9225BACCE00F3FAD2 /* SceneCoordinator.swift */,
				C35995B7225BACCE00F3FAD2 /* SceneCoordinatorType.swift */,
				C35995B8225BACCE00F3FAD2 /* SceneTransitionType.swift */,
			);
			path = Scenes;
			sourceTree = "<group>";
		};
		C3AAD3262264D67B0026254A /* View */ = {
			isa = PBXGroup;
			children = (
				C3AAD3272264D69D0026254A /* CategoryCollectionViewCell.swift */,
				C3AAD3282264D69D0026254A /* CategoryCollectionViewCell.xib */,
			);
			path = View;
			sourceTree = "<group>";
		};
		C3AAD32B226532F50026254A /* CategoryPlaylists */ = {
			isa = PBXGroup;
			children = (
				C3DC4F9F2265C8720069733D /* CategoryPlaylistsViewController.swift */,
				C3DC4FA52265C9570069733D /* CategoryPlaylistsViewModel.swift */,
			);
			path = CategoryPlaylists;
			sourceTree = "<group>";
		};
		C3AC5436225FE20D0007090C /* Featured */ = {
			isa = PBXGroup;
			children = (
				C3E55B05225B289B00DD3D9A /* FeaturedViewController.swift */,
				C3C8C28E225C810900EFBED0 /* FeaturedViewModel.swift */,
			);
			path = Featured;
			sourceTree = "<group>";
		};
		C3AC5437225FE2290007090C /* Playlist */ = {
			isa = PBXGroup;
			children = (
				C3AC5444225FE3710007090C /* View */,
				C3AC543E225FE3470007090C /* PlaylistViewController.swift */,
				C3AC5442225FE36C0007090C /* PlaylistViewModel.swift */,
			);
			path = Playlist;
			sourceTree = "<group>";
		};
		C3AC5444225FE3710007090C /* View */ = {
			isa = PBXGroup;
			children = (
				C313AA5022622ACF003E2895 /* PlaylistHeaderView.swift */,
			);
			path = View;
			sourceTree = "<group>";
		};
		C3C8C294225CA38E00EFBED0 /* User */ = {
			isa = PBXGroup;
			children = (
				C3C8C292225C96F700EFBED0 /* UserRepository.swift */,
			);
			path = User;
			sourceTree = "<group>";
		};
		C3C8C295225CA39800EFBED0 /* Browse */ = {
			isa = PBXGroup;
			children = (
				C3EC9DFB225A55E100FD0376 /* BrowseRepository.swift */,
			);
			path = Browse;
			sourceTree = "<group>";
		};
		C3D810BD2263262A00153C56 /* Home */ = {
			isa = PBXGroup;
			children = (
				C3E655F122636DB000649F2A /* HomeBuilder.swift */,
				C3D810BE2263264F00153C56 /* HomeViewController.swift */,
				C3D810C02263267100153C56 /* HomeViewModel.swift */,
			);
			path = Home;
			sourceTree = "<group>";
		};
		C3DC4FA22265C8B50069733D /* View */ = {
			isa = PBXGroup;
			children = (
				C3DC4FA42265C9030069733D /* Track */,
				C3DC4FA32265C8D20069733D /* Playlist */,
			);
			path = View;
			sourceTree = "<group>";
		};
		C3DC4FA32265C8D20069733D /* Playlist */ = {
			isa = PBXGroup;
			children = (
				C3DFF172225E32690041B7C8 /* PlaylistCollectionViewCell.swift */,
				C3DFF173225E32690041B7C8 /* PlaylistCollectionViewCell.xib */,
			);
			path = Playlist;
			sourceTree = "<group>";
		};
		C3DC4FA42265C9030069733D /* Track */ = {
			isa = PBXGroup;
			children = (
				C3AC5445225FE3A00007090C /* TrackTableViewCell.swift */,
				C3AC5446225FE3A00007090C /* TrackTableViewCell.xib */,
			);
			path = Track;
			sourceTree = "<group>";
		};
		C3DC4FAF2265F1250069733D /* Player */ = {
			isa = PBXGroup;
			children = (
				C3DC4FB9226618710069733D /* View */,
				C3DC4FB0226611F70069733D /* SmallPlayerView.swift */,
				C3DC4FB2226612AC0069733D /* PlayerViewController.swift */,
				C3DC4FB7226618690069733D /* PlayerViewModel.swift */,
				C3FB16282269B9050014FA01 /* Player.swift */,
			);
			path = Player;
			sourceTree = "<group>";
		};
		C3DC4FB9226618710069733D /* View */ = {
			isa = PBXGroup;
			children = (
				C3DC4FB3226612AC0069733D /* PlayerViewController.xib */,
			);
			path = View;
			sourceTree = "<group>";
		};
		C3DEBB8122594B2D00B6F9E7 /* Frameworks */ = {
			isa = PBXGroup;
			children = (
				C3D810C222632BB800153C56 /* Action.framework */,
				C3EA0E96225E9188004C74CB /* Kingfisher.framework */,
				C36C86F8225D417F0035DCF8 /* RxDataSources.framework */,
				C3DEBB8222594B2D00B6F9E7 /* RxAtomic.framework */,
				C3DEBB8422594B2D00B6F9E7 /* RxCocoa.framework */,
				C3DEBB8322594B2D00B6F9E7 /* RxSwift.framework */,
			);
			name = Frameworks;
			sourceTree = "<group>";
		};
		C3DFE95C225F227C002D2AF4 /* Playlist */ = {
			isa = PBXGroup;
			children = (
				C3DFE95D225F23A0002D2AF4 /* PlaylistRepository.swift */,
			);
			path = Playlist;
			sourceTree = "<group>";
		};
		C3DFE95F225F27E8002D2AF4 /* model */ = {
			isa = PBXGroup;
			children = (
				C3E55AFB225B25E100DD3D9A /* Playlist.swift */,
				C3C8C296225CA3A700EFBED0 /* User.swift */,
				C3DFE960225F27FC002D2AF4 /* Track.swift */,
				C3AC5431225F79270007090C /* Album.swift */,
				C3AAD3242264C8940026254A /* Category.swift */,
			);
			path = model;
			sourceTree = "<group>";
		};
		C3E55B02225B287D00DD3D9A /* Categories */ = {
			isa = PBXGroup;
			children = (
				C3AAD3262264D67B0026254A /* View */,
				C3E55B0B225B2A4B00DD3D9A /* CategoriesViewController.swift */,
				C3C8C290225C811500EFBED0 /* CategoriesViewModel.swift */,
			);
			path = Categories;
			sourceTree = "<group>";
		};
		C3EC9DFA225A553E00FD0376 /* Home */ = {
			isa = PBXGroup;
			children = (
				C3DC4FA22265C8B50069733D /* View */,
				C3AAD32B226532F50026254A /* CategoryPlaylists */,
				C3AC5437225FE2290007090C /* Playlist */,
				C3D810BD2263262A00153C56 /* Home */,
				C3E55B02225B287D00DD3D9A /* Categories */,
				C3AC5436225FE20D0007090C /* Featured */,
			);
			path = Home;
			sourceTree = "<group>";
		};
/* End PBXGroup section */

/* Begin PBXNativeTarget section */
		C3182E952257D7B400180BD5 /* Spochify */ = {
			isa = PBXNativeTarget;
			buildConfigurationList = C3182EBE2257D7B600180BD5 /* Build configuration list for PBXNativeTarget "Spochify" */;
			buildPhases = (
				C3182E922257D7B400180BD5 /* Sources */,
				C3182E932257D7B400180BD5 /* Frameworks */,
				C3182E942257D7B400180BD5 /* Resources */,
				C3DEBB8A22594B4800B6F9E7 /* Carthage */,
			);
			buildRules = (
			);
			dependencies = (
			);
			name = Spochify;
			productName = Spochify;
			productReference = C3182E962257D7B400180BD5 /* Spochify.app */;
			productType = "com.apple.product-type.application";
		};
		C3182EA92257D7B600180BD5 /* SpochifyTests */ = {
			isa = PBXNativeTarget;
			buildConfigurationList = C3182EC12257D7B600180BD5 /* Build configuration list for PBXNativeTarget "SpochifyTests" */;
			buildPhases = (
				C3182EA62257D7B600180BD5 /* Sources */,
				C3182EA72257D7B600180BD5 /* Frameworks */,
				C3182EA82257D7B600180BD5 /* Resources */,
			);
			buildRules = (
			);
			dependencies = (
				C3182EAC2257D7B600180BD5 /* PBXTargetDependency */,
			);
			name = SpochifyTests;
			productName = SpochifyTests;
			productReference = C3182EAA2257D7B600180BD5 /* SpochifyTests.xctest */;
			productType = "com.apple.product-type.bundle.unit-test";
		};
		C3182EB42257D7B600180BD5 /* SpochifyUITests */ = {
			isa = PBXNativeTarget;
			buildConfigurationList = C3182EC42257D7B600180BD5 /* Build configuration list for PBXNativeTarget "SpochifyUITests" */;
			buildPhases = (
				C3182EB12257D7B600180BD5 /* Sources */,
				C3182EB22257D7B600180BD5 /* Frameworks */,
				C3182EB32257D7B600180BD5 /* Resources */,
			);
			buildRules = (
			);
			dependencies = (
				C3182EB72257D7B600180BD5 /* PBXTargetDependency */,
			);
			name = SpochifyUITests;
			productName = SpochifyUITests;
			productReference = C3182EB52257D7B600180BD5 /* SpochifyUITests.xctest */;
			productType = "com.apple.product-type.bundle.ui-testing";
		};
/* End PBXNativeTarget section */

/* Begin PBXProject section */
		C3182E8E2257D7B400180BD5 /* Project object */ = {
			isa = PBXProject;
			attributes = {
				LastSwiftUpdateCheck = 1010;
				LastUpgradeCheck = 1010;
				ORGANIZATIONNAME = com.github.albertopeam;
				TargetAttributes = {
					C3182E952257D7B400180BD5 = {
						CreatedOnToolsVersion = 10.1;
					};
					C3182EA92257D7B600180BD5 = {
						CreatedOnToolsVersion = 10.1;
						TestTargetID = C3182E952257D7B400180BD5;
					};
					C3182EB42257D7B600180BD5 = {
						CreatedOnToolsVersion = 10.1;
						TestTargetID = C3182E952257D7B400180BD5;
					};
				};
			};
			buildConfigurationList = C3182E912257D7B400180BD5 /* Build configuration list for PBXProject "Spochify" */;
			compatibilityVersion = "Xcode 9.3";
			developmentRegion = en;
			hasScannedForEncodings = 0;
			knownRegions = (
				en,
				Base,
			);
			mainGroup = C3182E8D2257D7B400180BD5;
			productRefGroup = C3182E972257D7B400180BD5 /* Products */;
			projectDirPath = "";
			projectRoot = "";
			targets = (
				C3182E952257D7B400180BD5 /* Spochify */,
				C3182EA92257D7B600180BD5 /* SpochifyTests */,
				C3182EB42257D7B600180BD5 /* SpochifyUITests */,
			);
		};
/* End PBXProject section */

/* Begin PBXResourcesBuildPhase section */
		C3182E942257D7B400180BD5 /* Resources */ = {
			isa = PBXResourcesBuildPhase;
			buildActionMask = 2147483647;
			files = (
				C3E55AFE225B283E00DD3D9A /* LoginViewController.xib in Resources */,
				C3AAD32A2264D69D0026254A /* CategoryCollectionViewCell.xib in Resources */,
				C3E55B14225B2F0000DD3D9A /* Localizable.strings in Resources */,
				C3182EA42257D7B600180BD5 /* LaunchScreen.storyboard in Resources */,
				C3DFF175225E32690041B7C8 /* PlaylistCollectionViewCell.xib in Resources */,
				C3DC4FB5226612AC0069733D /* PlayerViewController.xib in Resources */,
				C3182EA12257D7B600180BD5 /* Assets.xcassets in Resources */,
				C3AC5448225FE3A00007090C /* TrackTableViewCell.xib in Resources */,
			);
			runOnlyForDeploymentPostprocessing = 0;
		};
		C3182EA82257D7B600180BD5 /* Resources */ = {
			isa = PBXResourcesBuildPhase;
			buildActionMask = 2147483647;
			files = (
			);
			runOnlyForDeploymentPostprocessing = 0;
		};
		C3182EB32257D7B600180BD5 /* Resources */ = {
			isa = PBXResourcesBuildPhase;
			buildActionMask = 2147483647;
			files = (
			);
			runOnlyForDeploymentPostprocessing = 0;
		};
/* End PBXResourcesBuildPhase section */

/* Begin PBXShellScriptBuildPhase section */
		C3DEBB8A22594B4800B6F9E7 /* Carthage */ = {
			isa = PBXShellScriptBuildPhase;
			buildActionMask = 2147483647;
			files = (
			);
			inputFileListPaths = (
			);
			inputPaths = (
				"$(SRCROOT)/Carthage/Build/iOS/RxSwift.framework",
				"$(SRCROOT)/Carthage/Build/iOS/RxCocoa.framework",
				"$(SRCROOT)/Carthage/Build/iOS/RxDataSources.framework",
				"$(SRCROOT)/Carthage/Build/iOS/Kingfisher.framework",
				"$(SRCROOT)/Carthage/Build/iOS/Action.framework",
				"$(SRCROOT)/Carthage/Build/iOS/RxAtomic.framework",
			);
			name = Carthage;
			outputFileListPaths = (
			);
			outputPaths = (
				"$(BUILT_PRODUCTS_DIR)/$(FRAMEWORKS_FOLDER_PATH)/RxSwift.framework",
				"$(BUILT_PRODUCTS_DIR)/$(FRAMEWORKS_FOLDER_PATH)/RxCocoa.framework",
				"$(BUILT_PRODUCTS_DIR)/$(FRAMEWORKS_FOLDER_PATH)/RxDataSources.framework",
				"$(BUILT_PRODUCTS_DIR)/$(FRAMEWORKS_FOLDER_PATH)/Kingfisher.framework",
				"$(BUILT_PRODUCTS_DIR)/$(FRAMEWORKS_FOLDER_PATH)/Action.framework",
				"$(BUILT_PRODUCTS_DIR)/$(FRAMEWORKS_FOLDER_PATH)/RxAtomic.framework",
			);
			runOnlyForDeploymentPostprocessing = 0;
			shellPath = /bin/sh;
			shellScript = "/usr/local/bin/carthage copy-frameworks\n";
		};
/* End PBXShellScriptBuildPhase section */

/* Begin PBXSourcesBuildPhase section */
		C3182E922257D7B400180BD5 /* Sources */ = {
			isa = PBXSourcesBuildPhase;
			buildActionMask = 2147483647;
			files = (
				C3FB16292269B9050014FA01 /* Player.swift in Sources */,
				C3DC4FB1226611F70069733D /* SmallPlayerView.swift in Sources */,
				C3E55B0C225B2A4B00DD3D9A /* CategoriesViewController.swift in Sources */,
				C3AC5432225F79270007090C /* Album.swift in Sources */,
				C313AA5122622ACF003E2895 /* PlaylistHeaderView.swift in Sources */,
				C3AAD3292264D69D0026254A /* CategoryCollectionViewCell.swift in Sources */,
				C3E55B06225B289B00DD3D9A /* FeaturedViewController.swift in Sources */,
				C36C86F7225CF7FF0035DCF8 /* UIApplication+Shared.swift in Sources */,
				C3DFE95E225F23A0002D2AF4 /* PlaylistRepository.swift in Sources */,
				C3182E9C2257D7B400180BD5 /* LoginViewController.swift in Sources */,
				C35995BA225BACCF00F3FAD2 /* Scene.swift in Sources */,
				C31013C722581031009BDB95 /* Storage.swift in Sources */,
				C3D810C12263267100153C56 /* HomeViewModel.swift in Sources */,
				C3C8C291225C811500EFBED0 /* CategoriesViewModel.swift in Sources */,
				C3AC5447225FE3A00007090C /* TrackTableViewCell.swift in Sources */,
				C3E55AFC225B25E100DD3D9A /* Playlist.swift in Sources */,
				C3DC4FA02265C8720069733D /* CategoryPlaylistsViewController.swift in Sources */,
				C3182E9A2257D7B400180BD5 /* AppDelegate.swift in Sources */,
				C3DC4FB4226612AC0069733D /* PlayerViewController.swift in Sources */,
				C3AC5440225FE3470007090C /* PlaylistViewController.swift in Sources */,
				C35995B1225B560300F3FAD2 /* String+Localizable.swift in Sources */,
				C3C8C297225CA3A700EFBED0 /* User.swift in Sources */,
				C3DC4FB8226618690069733D /* PlayerViewModel.swift in Sources */,
				C3E655F222636DB000649F2A /* HomeBuilder.swift in Sources */,
				C35995BE225BACCF00F3FAD2 /* SceneCoordinator.swift in Sources */,
				C3AC5443225FE36C0007090C /* PlaylistViewModel.swift in Sources */,
				C35995BC225BACCF00F3FAD2 /* SceneCoordinatorType.swift in Sources */,
				C3DFF174225E32690041B7C8 /* PlaylistCollectionViewCell.swift in Sources */,
				C313AA5422624661003E2895 /* UIColor+Spochify.swift in Sources */,
				C3AAD3252264C8940026254A /* Category.swift in Sources */,
				C35995BD225BACCF00F3FAD2 /* SceneTransitionType.swift in Sources */,
				C3D810BF2263264F00153C56 /* HomeViewController.swift in Sources */,
				C3DC4FAE2265D7240069733D /* Provider.swift in Sources */,
				C3C8C299225CB65800EFBED0 /* URL+Init.swift in Sources */,
				C36C86F5225CEE970035DCF8 /* BindableType.swift in Sources */,
				C3AC5434225F802E0007090C /* UICollectionViewFlowLayout+Columns.swift in Sources */,
				C3C8C28F225C810900EFBED0 /* FeaturedViewModel.swift in Sources */,
				C31013C422580E39009BDB95 /* Network.swift in Sources */,
				C3C8C293225C96F700EFBED0 /* UserRepository.swift in Sources */,
				C35995BB225BACCF00F3FAD2 /* Scene+ViewController.swift in Sources */,
				C3EC9DFC225A55E100FD0376 /* BrowseRepository.swift in Sources */,
				C3D810C62263322300153C56 /* LoginViewModel.swift in Sources */,
				C3DFE961225F27FC002D2AF4 /* Track.swift in Sources */,
				C3DC4FA62265C9570069733D /* CategoryPlaylistsViewModel.swift in Sources */,
			);
			runOnlyForDeploymentPostprocessing = 0;
		};
		C3182EA62257D7B600180BD5 /* Sources */ = {
			isa = PBXSourcesBuildPhase;
			buildActionMask = 2147483647;
			files = (
				C3182EAF2257D7B600180BD5 /* SpochifyTests.swift in Sources */,
			);
			runOnlyForDeploymentPostprocessing = 0;
		};
		C3182EB12257D7B600180BD5 /* Sources */ = {
			isa = PBXSourcesBuildPhase;
			buildActionMask = 2147483647;
			files = (
				C3182EBA2257D7B600180BD5 /* SpochifyUITests.swift in Sources */,
			);
			runOnlyForDeploymentPostprocessing = 0;
		};
/* End PBXSourcesBuildPhase section */

/* Begin PBXTargetDependency section */
		C3182EAC2257D7B600180BD5 /* PBXTargetDependency */ = {
			isa = PBXTargetDependency;
			target = C3182E952257D7B400180BD5 /* Spochify */;
			targetProxy = C3182EAB2257D7B600180BD5 /* PBXContainerItemProxy */;
		};
		C3182EB72257D7B600180BD5 /* PBXTargetDependency */ = {
			isa = PBXTargetDependency;
			target = C3182E952257D7B400180BD5 /* Spochify */;
			targetProxy = C3182EB62257D7B600180BD5 /* PBXContainerItemProxy */;
		};
/* End PBXTargetDependency section */

/* Begin PBXVariantGroup section */
		C3182EA22257D7B600180BD5 /* LaunchScreen.storyboard */ = {
			isa = PBXVariantGroup;
			children = (
				C3182EA32257D7B600180BD5 /* Base */,
			);
			name = LaunchScreen.storyboard;
			sourceTree = "<group>";
		};
/* End PBXVariantGroup section */

/* Begin XCBuildConfiguration section */
		C3182EBC2257D7B600180BD5 /* Debug */ = {
			isa = XCBuildConfiguration;
			buildSettings = {
				ALWAYS_SEARCH_USER_PATHS = NO;
				CLANG_ANALYZER_NONNULL = YES;
				CLANG_ANALYZER_NUMBER_OBJECT_CONVERSION = YES_AGGRESSIVE;
				CLANG_CXX_LANGUAGE_STANDARD = "gnu++14";
				CLANG_CXX_LIBRARY = "libc++";
				CLANG_ENABLE_MODULES = YES;
				CLANG_ENABLE_OBJC_ARC = YES;
				CLANG_ENABLE_OBJC_WEAK = YES;
				CLANG_WARN_BLOCK_CAPTURE_AUTORELEASING = YES;
				CLANG_WARN_BOOL_CONVERSION = YES;
				CLANG_WARN_COMMA = YES;
				CLANG_WARN_CONSTANT_CONVERSION = YES;
				CLANG_WARN_DEPRECATED_OBJC_IMPLEMENTATIONS = YES;
				CLANG_WARN_DIRECT_OBJC_ISA_USAGE = YES_ERROR;
				CLANG_WARN_DOCUMENTATION_COMMENTS = YES;
				CLANG_WARN_EMPTY_BODY = YES;
				CLANG_WARN_ENUM_CONVERSION = YES;
				CLANG_WARN_INFINITE_RECURSION = YES;
				CLANG_WARN_INT_CONVERSION = YES;
				CLANG_WARN_NON_LITERAL_NULL_CONVERSION = YES;
				CLANG_WARN_OBJC_IMPLICIT_RETAIN_SELF = YES;
				CLANG_WARN_OBJC_LITERAL_CONVERSION = YES;
				CLANG_WARN_OBJC_ROOT_CLASS = YES_ERROR;
				CLANG_WARN_RANGE_LOOP_ANALYSIS = YES;
				CLANG_WARN_STRICT_PROTOTYPES = YES;
				CLANG_WARN_SUSPICIOUS_MOVE = YES;
				CLANG_WARN_UNGUARDED_AVAILABILITY = YES_AGGRESSIVE;
				CLANG_WARN_UNREACHABLE_CODE = YES;
				CLANG_WARN__DUPLICATE_METHOD_MATCH = YES;
				CODE_SIGN_IDENTITY = "iPhone Developer";
				COPY_PHASE_STRIP = NO;
				DEBUG_INFORMATION_FORMAT = dwarf;
				ENABLE_STRICT_OBJC_MSGSEND = YES;
				ENABLE_TESTABILITY = YES;
				GCC_C_LANGUAGE_STANDARD = gnu11;
				GCC_DYNAMIC_NO_PIC = NO;
				GCC_NO_COMMON_BLOCKS = YES;
				GCC_OPTIMIZATION_LEVEL = 0;
				GCC_PREPROCESSOR_DEFINITIONS = (
					"DEBUG=1",
					"$(inherited)",
				);
				GCC_WARN_64_TO_32_BIT_CONVERSION = YES;
				GCC_WARN_ABOUT_RETURN_TYPE = YES_ERROR;
				GCC_WARN_UNDECLARED_SELECTOR = YES;
				GCC_WARN_UNINITIALIZED_AUTOS = YES_AGGRESSIVE;
				GCC_WARN_UNUSED_FUNCTION = YES;
				GCC_WARN_UNUSED_VARIABLE = YES;
				IPHONEOS_DEPLOYMENT_TARGET = 12.1;
				MTL_ENABLE_DEBUG_INFO = INCLUDE_SOURCE;
				MTL_FAST_MATH = YES;
				ONLY_ACTIVE_ARCH = YES;
				SDKROOT = iphoneos;
				SWIFT_ACTIVE_COMPILATION_CONDITIONS = DEBUG;
				SWIFT_OPTIMIZATION_LEVEL = "-Onone";
			};
			name = Debug;
		};
		C3182EBD2257D7B600180BD5 /* Release */ = {
			isa = XCBuildConfiguration;
			buildSettings = {
				ALWAYS_SEARCH_USER_PATHS = NO;
				CLANG_ANALYZER_NONNULL = YES;
				CLANG_ANALYZER_NUMBER_OBJECT_CONVERSION = YES_AGGRESSIVE;
				CLANG_CXX_LANGUAGE_STANDARD = "gnu++14";
				CLANG_CXX_LIBRARY = "libc++";
				CLANG_ENABLE_MODULES = YES;
				CLANG_ENABLE_OBJC_ARC = YES;
				CLANG_ENABLE_OBJC_WEAK = YES;
				CLANG_WARN_BLOCK_CAPTURE_AUTORELEASING = YES;
				CLANG_WARN_BOOL_CONVERSION = YES;
				CLANG_WARN_COMMA = YES;
				CLANG_WARN_CONSTANT_CONVERSION = YES;
				CLANG_WARN_DEPRECATED_OBJC_IMPLEMENTATIONS = YES;
				CLANG_WARN_DIRECT_OBJC_ISA_USAGE = YES_ERROR;
				CLANG_WARN_DOCUMENTATION_COMMENTS = YES;
				CLANG_WARN_EMPTY_BODY = YES;
				CLANG_WARN_ENUM_CONVERSION = YES;
				CLANG_WARN_INFINITE_RECURSION = YES;
				CLANG_WARN_INT_CONVERSION = YES;
				CLANG_WARN_NON_LITERAL_NULL_CONVERSION = YES;
				CLANG_WARN_OBJC_IMPLICIT_RETAIN_SELF = YES;
				CLANG_WARN_OBJC_LITERAL_CONVERSION = YES;
				CLANG_WARN_OBJC_ROOT_CLASS = YES_ERROR;
				CLANG_WARN_RANGE_LOOP_ANALYSIS = YES;
				CLANG_WARN_STRICT_PROTOTYPES = YES;
				CLANG_WARN_SUSPICIOUS_MOVE = YES;
				CLANG_WARN_UNGUARDED_AVAILABILITY = YES_AGGRESSIVE;
				CLANG_WARN_UNREACHABLE_CODE = YES;
				CLANG_WARN__DUPLICATE_METHOD_MATCH = YES;
				CODE_SIGN_IDENTITY = "iPhone Developer";
				COPY_PHASE_STRIP = NO;
				DEBUG_INFORMATION_FORMAT = "dwarf-with-dsym";
				ENABLE_NS_ASSERTIONS = NO;
				ENABLE_STRICT_OBJC_MSGSEND = YES;
				GCC_C_LANGUAGE_STANDARD = gnu11;
				GCC_NO_COMMON_BLOCKS = YES;
				GCC_WARN_64_TO_32_BIT_CONVERSION = YES;
				GCC_WARN_ABOUT_RETURN_TYPE = YES_ERROR;
				GCC_WARN_UNDECLARED_SELECTOR = YES;
				GCC_WARN_UNINITIALIZED_AUTOS = YES_AGGRESSIVE;
				GCC_WARN_UNUSED_FUNCTION = YES;
				GCC_WARN_UNUSED_VARIABLE = YES;
				IPHONEOS_DEPLOYMENT_TARGET = 12.1;
				MTL_ENABLE_DEBUG_INFO = NO;
				MTL_FAST_MATH = YES;
				SDKROOT = iphoneos;
				SWIFT_COMPILATION_MODE = wholemodule;
				SWIFT_OPTIMIZATION_LEVEL = "-O";
				VALIDATE_PRODUCT = YES;
			};
			name = Release;
		};
		C3182EBF2257D7B600180BD5 /* Debug */ = {
			isa = XCBuildConfiguration;
			buildSettings = {
				ASSETCATALOG_COMPILER_APPICON_NAME = AppIcon;
				CODE_SIGN_STYLE = Manual;
				DEVELOPMENT_TEAM = "";
				FRAMEWORK_SEARCH_PATHS = (
					"$(inherited)",
					"$(PROJECT_DIR)/Carthage/Build/iOS",
				);
				INFOPLIST_FILE = Spochify/Info.plist;
				LD_RUNPATH_SEARCH_PATHS = (
					"$(inherited)",
					"@executable_path/Frameworks",
				);
				PRODUCT_BUNDLE_IDENTIFIER = com.github.albertopeam.Spochify;
				PRODUCT_NAME = "$(TARGET_NAME)";
				PROVISIONING_PROFILE_SPECIFIER = "";
				SWIFT_VERSION = 4.2;
				TARGETED_DEVICE_FAMILY = "1,2";
			};
			name = Debug;
		};
		C3182EC02257D7B600180BD5 /* Release */ = {
			isa = XCBuildConfiguration;
			buildSettings = {
				ASSETCATALOG_COMPILER_APPICON_NAME = AppIcon;
				CODE_SIGN_STYLE = Manual;
				DEVELOPMENT_TEAM = "";
				FRAMEWORK_SEARCH_PATHS = (
					"$(inherited)",
					"$(PROJECT_DIR)/Carthage/Build/iOS",
				);
				INFOPLIST_FILE = Spochify/Info.plist;
				LD_RUNPATH_SEARCH_PATHS = (
					"$(inherited)",
					"@executable_path/Frameworks",
				);
				PRODUCT_BUNDLE_IDENTIFIER = com.github.albertopeam.Spochify;
				PRODUCT_NAME = "$(TARGET_NAME)";
				PROVISIONING_PROFILE_SPECIFIER = "";
				SWIFT_VERSION = 4.2;
				TARGETED_DEVICE_FAMILY = "1,2";
			};
			name = Release;
		};
		C3182EC22257D7B600180BD5 /* Debug */ = {
			isa = XCBuildConfiguration;
			buildSettings = {
				ALWAYS_EMBED_SWIFT_STANDARD_LIBRARIES = YES;
				BUNDLE_LOADER = "$(TEST_HOST)";
				CODE_SIGN_STYLE = Automatic;
				DEVELOPMENT_TEAM = EAL5PKWJ89;
				INFOPLIST_FILE = SpochifyTests/Info.plist;
				LD_RUNPATH_SEARCH_PATHS = (
					"$(inherited)",
					"@executable_path/Frameworks",
					"@loader_path/Frameworks",
				);
				PRODUCT_BUNDLE_IDENTIFIER = com.github.albertopeam.SpochifyTests;
				PRODUCT_NAME = "$(TARGET_NAME)";
				SWIFT_VERSION = 4.2;
				TARGETED_DEVICE_FAMILY = "1,2";
				TEST_HOST = "$(BUILT_PRODUCTS_DIR)/Spochify.app/Spochify";
			};
			name = Debug;
		};
		C3182EC32257D7B600180BD5 /* Release */ = {
			isa = XCBuildConfiguration;
			buildSettings = {
				ALWAYS_EMBED_SWIFT_STANDARD_LIBRARIES = YES;
				BUNDLE_LOADER = "$(TEST_HOST)";
				CODE_SIGN_STYLE = Automatic;
				DEVELOPMENT_TEAM = EAL5PKWJ89;
				INFOPLIST_FILE = SpochifyTests/Info.plist;
				LD_RUNPATH_SEARCH_PATHS = (
					"$(inherited)",
					"@executable_path/Frameworks",
					"@loader_path/Frameworks",
				);
				PRODUCT_BUNDLE_IDENTIFIER = com.github.albertopeam.SpochifyTests;
				PRODUCT_NAME = "$(TARGET_NAME)";
				SWIFT_VERSION = 4.2;
				TARGETED_DEVICE_FAMILY = "1,2";
				TEST_HOST = "$(BUILT_PRODUCTS_DIR)/Spochify.app/Spochify";
			};
			name = Release;
		};
		C3182EC52257D7B600180BD5 /* Debug */ = {
			isa = XCBuildConfiguration;
			buildSettings = {
				ALWAYS_EMBED_SWIFT_STANDARD_LIBRARIES = YES;
				CODE_SIGN_STYLE = Automatic;
				DEVELOPMENT_TEAM = EAL5PKWJ89;
				INFOPLIST_FILE = SpochifyUITests/Info.plist;
				LD_RUNPATH_SEARCH_PATHS = (
					"$(inherited)",
					"@executable_path/Frameworks",
					"@loader_path/Frameworks",
				);
				PRODUCT_BUNDLE_IDENTIFIER = com.github.albertopeam.SpochifyUITests;
				PRODUCT_NAME = "$(TARGET_NAME)";
				SWIFT_VERSION = 4.2;
				TARGETED_DEVICE_FAMILY = "1,2";
				TEST_TARGET_NAME = Spochify;
			};
			name = Debug;
		};
		C3182EC62257D7B600180BD5 /* Release */ = {
			isa = XCBuildConfiguration;
			buildSettings = {
				ALWAYS_EMBED_SWIFT_STANDARD_LIBRARIES = YES;
				CODE_SIGN_STYLE = Automatic;
				DEVELOPMENT_TEAM = EAL5PKWJ89;
				INFOPLIST_FILE = SpochifyUITests/Info.plist;
				LD_RUNPATH_SEARCH_PATHS = (
					"$(inherited)",
					"@executable_path/Frameworks",
					"@loader_path/Frameworks",
				);
				PRODUCT_BUNDLE_IDENTIFIER = com.github.albertopeam.SpochifyUITests;
				PRODUCT_NAME = "$(TARGET_NAME)";
				SWIFT_VERSION = 4.2;
				TARGETED_DEVICE_FAMILY = "1,2";
				TEST_TARGET_NAME = Spochify;
			};
			name = Release;
		};
/* End XCBuildConfiguration section */

/* Begin XCConfigurationList section */
		C3182E912257D7B400180BD5 /* Build configuration list for PBXProject "Spochify" */ = {
			isa = XCConfigurationList;
			buildConfigurations = (
				C3182EBC2257D7B600180BD5 /* Debug */,
				C3182EBD2257D7B600180BD5 /* Release */,
			);
			defaultConfigurationIsVisible = 0;
			defaultConfigurationName = Release;
		};
		C3182EBE2257D7B600180BD5 /* Build configuration list for PBXNativeTarget "Spochify" */ = {
			isa = XCConfigurationList;
			buildConfigurations = (
				C3182EBF2257D7B600180BD5 /* Debug */,
				C3182EC02257D7B600180BD5 /* Release */,
			);
			defaultConfigurationIsVisible = 0;
			defaultConfigurationName = Release;
		};
		C3182EC12257D7B600180BD5 /* Build configuration list for PBXNativeTarget "SpochifyTests" */ = {
			isa = XCConfigurationList;
			buildConfigurations = (
				C3182EC22257D7B600180BD5 /* Debug */,
				C3182EC32257D7B600180BD5 /* Release */,
			);
			defaultConfigurationIsVisible = 0;
			defaultConfigurationName = Release;
		};
		C3182EC42257D7B600180BD5 /* Build configuration list for PBXNativeTarget "SpochifyUITests" */ = {
			isa = XCConfigurationList;
			buildConfigurations = (
				C3182EC52257D7B600180BD5 /* Debug */,
				C3182EC62257D7B600180BD5 /* Release */,
			);
			defaultConfigurationIsVisible = 0;
			defaultConfigurationName = Release;
		};
/* End XCConfigurationList section */
	};
	rootObject = C3182E8E2257D7B400180BD5 /* Project object */;
}
